// !$*UTF8*$!
{
	archiveVersion = 1;
	classes = {
	};
	objectVersion = 55;
	objects = {

/* Begin PBXBuildFile section */
		380F6698287FD334008D07E1 /* GridCollectionViewCell.swift in Sources */ = {isa = PBXBuildFile; fileRef = 380F6696287FD334008D07E1 /* GridCollectionViewCell.swift */; };
		380F6699287FD334008D07E1 /* GridCollectionViewCell.xib in Resources */ = {isa = PBXBuildFile; fileRef = 380F6697287FD334008D07E1 /* GridCollectionViewCell.xib */; };
		380F669D288033F1008D07E1 /* DetailViewController.swift in Sources */ = {isa = PBXBuildFile; fileRef = 380F669B288033F1008D07E1 /* DetailViewController.swift */; };
		380F669E288033F1008D07E1 /* DetailViewController.xib in Resources */ = {isa = PBXBuildFile; fileRef = 380F669C288033F1008D07E1 /* DetailViewController.xib */; };
		381042DC287F0DC10004740E /* ProfileViewController.swift in Sources */ = {isa = PBXBuildFile; fileRef = 381042DA287F0DC10004740E /* ProfileViewController.swift */; };
		381042DD287F0DC10004740E /* ProfileViewController.xib in Resources */ = {isa = PBXBuildFile; fileRef = 381042DB287F0DC10004740E /* ProfileViewController.xib */; };
		381042E0287F0DD10004740E /* FavoriteViewController.swift in Sources */ = {isa = PBXBuildFile; fileRef = 381042DE287F0DD10004740E /* FavoriteViewController.swift */; };
		381042E1287F0DD10004740E /* FavoriteViewController.xib in Resources */ = {isa = PBXBuildFile; fileRef = 381042DF287F0DD10004740E /* FavoriteViewController.xib */; };
		381042E5287F0DE60004740E /* MapViewController.swift in Sources */ = {isa = PBXBuildFile; fileRef = 381042E3287F0DE60004740E /* MapViewController.swift */; };
		381042E6287F0DE60004740E /* MapViewController.xib in Resources */ = {isa = PBXBuildFile; fileRef = 381042E4287F0DE60004740E /* MapViewController.xib */; };
		3825EC18287F2908002ECDDC /* Data.plist in Resources */ = {isa = PBXBuildFile; fileRef = 3825EC17287F2908002ECDDC /* Data.plist */; };
		3825EC1C287F2B03002ECDDC /* GridOneTableViewCell.swift in Sources */ = {isa = PBXBuildFile; fileRef = 3825EC1A287F2B03002ECDDC /* GridOneTableViewCell.swift */; };
		3825EC1D287F2B03002ECDDC /* GridOneTableViewCell.xib in Resources */ = {isa = PBXBuildFile; fileRef = 3825EC1B287F2B03002ECDDC /* GridOneTableViewCell.xib */; };
		382EFE162881BB7000F67F49 /* CommentTableViewCell.swift in Sources */ = {isa = PBXBuildFile; fileRef = 382EFE142881BB7000F67F49 /* CommentTableViewCell.swift */; };
		382EFE172881BB7000F67F49 /* CommentTableViewCell.xib in Resources */ = {isa = PBXBuildFile; fileRef = 382EFE152881BB7000F67F49 /* CommentTableViewCell.xib */; };
		38B79EC62874776B00607E5C /* AppDelegate.swift in Sources */ = {isa = PBXBuildFile; fileRef = 38B79EC52874776B00607E5C /* AppDelegate.swift */; };
		38B79ECF2874776D00607E5C /* Assets.xcassets in Resources */ = {isa = PBXBuildFile; fileRef = 38B79ECE2874776D00607E5C /* Assets.xcassets */; };
		38B79ED22874776D00607E5C /* LaunchScreen.storyboard in Resources */ = {isa = PBXBuildFile; fileRef = 38B79ED02874776D00607E5C /* LaunchScreen.storyboard */; };
		38B79EFD2874862400607E5C /* HomeViewController.swift in Sources */ = {isa = PBXBuildFile; fileRef = 38B79EFB2874862400607E5C /* HomeViewController.swift */; };
		38B79EFE2874862400607E5C /* HomeViewController.xib in Resources */ = {isa = PBXBuildFile; fileRef = 38B79EFC2874862400607E5C /* HomeViewController.xib */; };
/* End PBXBuildFile section */

/* Begin PBXContainerItemProxy section */
		38B79ED92874776D00607E5C /* PBXContainerItemProxy */ = {
			isa = PBXContainerItemProxy;
			containerPortal = 38B79EBA2874776B00607E5C /* Project object */;
			proxyType = 1;
			remoteGlobalIDString = 38B79EC12874776B00607E5C;
			remoteInfo = Tabbar;
		};
		38B79EE32874776D00607E5C /* PBXContainerItemProxy */ = {
			isa = PBXContainerItemProxy;
			containerPortal = 38B79EBA2874776B00607E5C /* Project object */;
			proxyType = 1;
			remoteGlobalIDString = 38B79EC12874776B00607E5C;
			remoteInfo = Tabbar;
		};
/* End PBXContainerItemProxy section */

/* Begin PBXFileReference section */
		380F6696287FD334008D07E1 /* GridCollectionViewCell.swift */ = {isa = PBXFileReference; lastKnownFileType = sourcecode.swift; path = GridCollectionViewCell.swift; sourceTree = "<group>"; };
		380F6697287FD334008D07E1 /* GridCollectionViewCell.xib */ = {isa = PBXFileReference; lastKnownFileType = file.xib; path = GridCollectionViewCell.xib; sourceTree = "<group>"; };
		380F669B288033F1008D07E1 /* DetailViewController.swift */ = {isa = PBXFileReference; lastKnownFileType = sourcecode.swift; path = DetailViewController.swift; sourceTree = "<group>"; };
		380F669C288033F1008D07E1 /* DetailViewController.xib */ = {isa = PBXFileReference; lastKnownFileType = file.xib; path = DetailViewController.xib; sourceTree = "<group>"; };
		381042DA287F0DC10004740E /* ProfileViewController.swift */ = {isa = PBXFileReference; lastKnownFileType = sourcecode.swift; path = ProfileViewController.swift; sourceTree = "<group>"; };
		381042DB287F0DC10004740E /* ProfileViewController.xib */ = {isa = PBXFileReference; lastKnownFileType = file.xib; path = ProfileViewController.xib; sourceTree = "<group>"; };
		381042DE287F0DD10004740E /* FavoriteViewController.swift */ = {isa = PBXFileReference; lastKnownFileType = sourcecode.swift; path = FavoriteViewController.swift; sourceTree = "<group>"; };
		381042DF287F0DD10004740E /* FavoriteViewController.xib */ = {isa = PBXFileReference; lastKnownFileType = file.xib; path = FavoriteViewController.xib; sourceTree = "<group>"; };
		381042E3287F0DE60004740E /* MapViewController.swift */ = {isa = PBXFileReference; lastKnownFileType = sourcecode.swift; path = MapViewController.swift; sourceTree = "<group>"; };
		381042E4287F0DE60004740E /* MapViewController.xib */ = {isa = PBXFileReference; lastKnownFileType = file.xib; path = MapViewController.xib; sourceTree = "<group>"; };
		3825EC17287F2908002ECDDC /* Data.plist */ = {isa = PBXFileReference; lastKnownFileType = text.plist.xml; path = Data.plist; sourceTree = "<group>"; };
		3825EC1A287F2B03002ECDDC /* GridOneTableViewCell.swift */ = {isa = PBXFileReference; lastKnownFileType = sourcecode.swift; path = GridOneTableViewCell.swift; sourceTree = "<group>"; };
		3825EC1B287F2B03002ECDDC /* GridOneTableViewCell.xib */ = {isa = PBXFileReference; lastKnownFileType = file.xib; path = GridOneTableViewCell.xib; sourceTree = "<group>"; };
		382EFE142881BB7000F67F49 /* CommentTableViewCell.swift */ = {isa = PBXFileReference; lastKnownFileType = sourcecode.swift; path = CommentTableViewCell.swift; sourceTree = "<group>"; };
		382EFE152881BB7000F67F49 /* CommentTableViewCell.xib */ = {isa = PBXFileReference; lastKnownFileType = file.xib; path = CommentTableViewCell.xib; sourceTree = "<group>"; };
		38B79EC22874776B00607E5C /* Tabbar.app */ = {isa = PBXFileReference; explicitFileType = wrapper.application; includeInIndex = 0; path = Tabbar.app; sourceTree = BUILT_PRODUCTS_DIR; };
		38B79EC52874776B00607E5C /* AppDelegate.swift */ = {isa = PBXFileReference; lastKnownFileType = sourcecode.swift; path = AppDelegate.swift; sourceTree = "<group>"; };
		38B79ECE2874776D00607E5C /* Assets.xcassets */ = {isa = PBXFileReference; lastKnownFileType = folder.assetcatalog; path = Assets.xcassets; sourceTree = "<group>"; };
		38B79ED12874776D00607E5C /* Base */ = {isa = PBXFileReference; lastKnownFileType = file.storyboard; name = Base; path = Base.lproj/LaunchScreen.storyboard; sourceTree = "<group>"; };
		38B79ED32874776D00607E5C /* Info.plist */ = {isa = PBXFileReference; lastKnownFileType = text.plist.xml; path = Info.plist; sourceTree = "<group>"; };
		38B79ED82874776D00607E5C /* TabbarTests.xctest */ = {isa = PBXFileReference; explicitFileType = wrapper.cfbundle; includeInIndex = 0; path = TabbarTests.xctest; sourceTree = BUILT_PRODUCTS_DIR; };
		38B79EE22874776D00607E5C /* TabbarUITests.xctest */ = {isa = PBXFileReference; explicitFileType = wrapper.cfbundle; includeInIndex = 0; path = TabbarUITests.xctest; sourceTree = BUILT_PRODUCTS_DIR; };
		38B79EFB2874862400607E5C /* HomeViewController.swift */ = {isa = PBXFileReference; lastKnownFileType = sourcecode.swift; path = HomeViewController.swift; sourceTree = "<group>"; };
		38B79EFC2874862400607E5C /* HomeViewController.xib */ = {isa = PBXFileReference; lastKnownFileType = file.xib; path = HomeViewController.xib; sourceTree = "<group>"; };
/* End PBXFileReference section */

/* Begin PBXFrameworksBuildPhase section */
		38B79EBF2874776B00607E5C /* Frameworks */ = {
			isa = PBXFrameworksBuildPhase;
			buildActionMask = 2147483647;
			files = (
			);
			runOnlyForDeploymentPostprocessing = 0;
		};
		38B79ED52874776D00607E5C /* Frameworks */ = {
			isa = PBXFrameworksBuildPhase;
			buildActionMask = 2147483647;
			files = (
			);
			runOnlyForDeploymentPostprocessing = 0;
		};
		38B79EDF2874776D00607E5C /* Frameworks */ = {
			isa = PBXFrameworksBuildPhase;
			buildActionMask = 2147483647;
			files = (
			);
			runOnlyForDeploymentPostprocessing = 0;
		};
/* End PBXFrameworksBuildPhase section */

/* Begin PBXGroup section */
		380F669A28803396008D07E1 /* View */ = {
			isa = PBXGroup;
			children = (
				380F669B288033F1008D07E1 /* DetailViewController.swift */,
				380F669C288033F1008D07E1 /* DetailViewController.xib */,
			);
			path = View;
			sourceTree = "<group>";
		};
		381042D7287F0D990004740E /* Map */ = {
			isa = PBXGroup;
			children = (
				381042E3287F0DE60004740E /* MapViewController.swift */,
				381042E4287F0DE60004740E /* MapViewController.xib */,
			);
			path = Map;
			sourceTree = "<group>";
		};
		381042D8287F0DA00004740E /* Favorite */ = {
			isa = PBXGroup;
			children = (
				381042DE287F0DD10004740E /* FavoriteViewController.swift */,
				381042DF287F0DD10004740E /* FavoriteViewController.xib */,
			);
			path = Favorite;
			sourceTree = "<group>";
		};
		381042D9287F0DAA0004740E /* Profile */ = {
			isa = PBXGroup;
			children = (
				381042DA287F0DC10004740E /* ProfileViewController.swift */,
				381042DB287F0DC10004740E /* ProfileViewController.xib */,
			);
			path = Profile;
			sourceTree = "<group>";
		};
		3825EC19287F2AC5002ECDDC /* CustomViewTable */ = {
			isa = PBXGroup;
			children = (
				3825EC1A287F2B03002ECDDC /* GridOneTableViewCell.swift */,
				3825EC1B287F2B03002ECDDC /* GridOneTableViewCell.xib */,
				380F6696287FD334008D07E1 /* GridCollectionViewCell.swift */,
				380F6697287FD334008D07E1 /* GridCollectionViewCell.xib */,
				382EFE142881BB7000F67F49 /* CommentTableViewCell.swift */,
				382EFE152881BB7000F67F49 /* CommentTableViewCell.xib */,
			);
			path = CustomViewTable;
			sourceTree = "<group>";
		};
		38B79EB92874776B00607E5C = {
			isa = PBXGroup;
			children = (
				38B79EC42874776B00607E5C /* Tabbar */,
				38B79EC32874776B00607E5C /* Products */,
			);
			sourceTree = "<group>";
		};
		38B79EC32874776B00607E5C /* Products */ = {
			isa = PBXGroup;
			children = (
				38B79EC22874776B00607E5C /* Tabbar.app */,
				38B79ED82874776D00607E5C /* TabbarTests.xctest */,
				38B79EE22874776D00607E5C /* TabbarUITests.xctest */,
			);
			name = Products;
			sourceTree = "<group>";
		};
		38B79EC42874776B00607E5C /* Tabbar */ = {
			isa = PBXGroup;
			children = (
				380F669A28803396008D07E1 /* View */,
				3825EC19287F2AC5002ECDDC /* CustomViewTable */,
				381042D9287F0DAA0004740E /* Profile */,
				381042D8287F0DA00004740E /* Favorite */,
				381042D7287F0D990004740E /* Map */,
				38B79EF5287485EF00607E5C /* Home */,
				38B79EC52874776B00607E5C /* AppDelegate.swift */,
				38B79ECE2874776D00607E5C /* Assets.xcassets */,
				38B79ED02874776D00607E5C /* LaunchScreen.storyboard */,
				38B79ED32874776D00607E5C /* Info.plist */,
				3825EC17287F2908002ECDDC /* Data.plist */,
			);
			path = Tabbar;
			sourceTree = "<group>";
		};
		38B79EF5287485EF00607E5C /* Home */ = {
			isa = PBXGroup;
			children = (
				38B79EFB2874862400607E5C /* HomeViewController.swift */,
				38B79EFC2874862400607E5C /* HomeViewController.xib */,
			);
			path = Home;
			sourceTree = "<group>";
		};
/* End PBXGroup section */

/* Begin PBXNativeTarget section */
		38B79EC12874776B00607E5C /* Tabbar */ = {
			isa = PBXNativeTarget;
			buildConfigurationList = 38B79EEC2874776D00607E5C /* Build configuration list for PBXNativeTarget "Tabbar" */;
			buildPhases = (
				38B79EBE2874776B00607E5C /* Sources */,
				38B79EBF2874776B00607E5C /* Frameworks */,
				38B79EC02874776B00607E5C /* Resources */,
			);
			buildRules = (
			);
			dependencies = (
			);
			name = Tabbar;
			productName = Tabbar;
			productReference = 38B79EC22874776B00607E5C /* Tabbar.app */;
			productType = "com.apple.product-type.application";
		};
		38B79ED72874776D00607E5C /* TabbarTests */ = {
			isa = PBXNativeTarget;
			buildConfigurationList = 38B79EEF2874776D00607E5C /* Build configuration list for PBXNativeTarget "TabbarTests" */;
			buildPhases = (
				38B79ED42874776D00607E5C /* Sources */,
				38B79ED52874776D00607E5C /* Frameworks */,
				38B79ED62874776D00607E5C /* Resources */,
			);
			buildRules = (
			);
			dependencies = (
				38B79EDA2874776D00607E5C /* PBXTargetDependency */,
			);
			name = TabbarTests;
			productName = TabbarTests;
			productReference = 38B79ED82874776D00607E5C /* TabbarTests.xctest */;
			productType = "com.apple.product-type.bundle.unit-test";
		};
		38B79EE12874776D00607E5C /* TabbarUITests */ = {
			isa = PBXNativeTarget;
			buildConfigurationList = 38B79EF22874776D00607E5C /* Build configuration list for PBXNativeTarget "TabbarUITests" */;
			buildPhases = (
				38B79EDE2874776D00607E5C /* Sources */,
				38B79EDF2874776D00607E5C /* Frameworks */,
				38B79EE02874776D00607E5C /* Resources */,
			);
			buildRules = (
			);
			dependencies = (
				38B79EE42874776D00607E5C /* PBXTargetDependency */,
			);
			name = TabbarUITests;
			productName = TabbarUITests;
			productReference = 38B79EE22874776D00607E5C /* TabbarUITests.xctest */;
			productType = "com.apple.product-type.bundle.ui-testing";
		};
/* End PBXNativeTarget section */

/* Begin PBXProject section */
		38B79EBA2874776B00607E5C /* Project object */ = {
			isa = PBXProject;
			attributes = {
				BuildIndependentTargetsInParallel = 1;
				LastSwiftUpdateCheck = 1340;
				LastUpgradeCheck = 1340;
				TargetAttributes = {
					38B79EC12874776B00607E5C = {
						CreatedOnToolsVersion = 13.4.1;
					};
					38B79ED72874776D00607E5C = {
						CreatedOnToolsVersion = 13.4.1;
						TestTargetID = 38B79EC12874776B00607E5C;
					};
					38B79EE12874776D00607E5C = {
						CreatedOnToolsVersion = 13.4.1;
						TestTargetID = 38B79EC12874776B00607E5C;
					};
				};
			};
			buildConfigurationList = 38B79EBD2874776B00607E5C /* Build configuration list for PBXProject "Tabbar" */;
			compatibilityVersion = "Xcode 13.0";
			developmentRegion = en;
			hasScannedForEncodings = 0;
			knownRegions = (
				en,
				Base,
			);
			mainGroup = 38B79EB92874776B00607E5C;
			productRefGroup = 38B79EC32874776B00607E5C /* Products */;
			projectDirPath = "";
			projectRoot = "";
			targets = (
				38B79EC12874776B00607E5C /* Tabbar */,
				38B79ED72874776D00607E5C /* TabbarTests */,
				38B79EE12874776D00607E5C /* TabbarUITests */,
			);
		};
/* End PBXProject section */

/* Begin PBXResourcesBuildPhase section */
		38B79EC02874776B00607E5C /* Resources */ = {
			isa = PBXResourcesBuildPhase;
			buildActionMask = 2147483647;
			files = (
				3825EC18287F2908002ECDDC /* Data.plist in Resources */,
				38B79ED22874776D00607E5C /* LaunchScreen.storyboard in Resources */,
				381042E6287F0DE60004740E /* MapViewController.xib in Resources */,
				38B79ECF2874776D00607E5C /* Assets.xcassets in Resources */,
				3825EC1D287F2B03002ECDDC /* GridOneTableViewCell.xib in Resources */,
				381042DD287F0DC10004740E /* ProfileViewController.xib in Resources */,
				381042E1287F0DD10004740E /* FavoriteViewController.xib in Resources */,
				380F669E288033F1008D07E1 /* DetailViewController.xib in Resources */,
				382EFE172881BB7000F67F49 /* CommentTableViewCell.xib in Resources */,
				380F6699287FD334008D07E1 /* GridCollectionViewCell.xib in Resources */,
				38B79EFE2874862400607E5C /* HomeViewController.xib in Resources */,
			);
			runOnlyForDeploymentPostprocessing = 0;
		};
		38B79ED62874776D00607E5C /* Resources */ = {
			isa = PBXResourcesBuildPhase;
			buildActionMask = 2147483647;
			files = (
			);
			runOnlyForDeploymentPostprocessing = 0;
		};
		38B79EE02874776D00607E5C /* Resources */ = {
			isa = PBXResourcesBuildPhase;
			buildActionMask = 2147483647;
			files = (
			);
			runOnlyForDeploymentPostprocessing = 0;
		};
/* End PBXResourcesBuildPhase section */

/* Begin PBXSourcesBuildPhase section */
		38B79EBE2874776B00607E5C /* Sources */ = {
			isa = PBXSourcesBuildPhase;
			buildActionMask = 2147483647;
			files = (
				381042DC287F0DC10004740E /* ProfileViewController.swift in Sources */,
				38B79EC62874776B00607E5C /* AppDelegate.swift in Sources */,
				3825EC1C287F2B03002ECDDC /* GridOneTableViewCell.swift in Sources */,
				381042E0287F0DD10004740E /* FavoriteViewController.swift in Sources */,
				382EFE162881BB7000F67F49 /* CommentTableViewCell.swift in Sources */,
				380F6698287FD334008D07E1 /* GridCollectionViewCell.swift in Sources */,
				381042E5287F0DE60004740E /* MapViewController.swift in Sources */,
				38B79EFD2874862400607E5C /* HomeViewController.swift in Sources */,
				380F669D288033F1008D07E1 /* DetailViewController.swift in Sources */,
			);
			runOnlyForDeploymentPostprocessing = 0;
		};
		38B79ED42874776D00607E5C /* Sources */ = {
			isa = PBXSourcesBuildPhase;
			buildActionMask = 2147483647;
			files = (
			);
			runOnlyForDeploymentPostprocessing = 0;
		};
		38B79EDE2874776D00607E5C /* Sources */ = {
			isa = PBXSourcesBuildPhase;
			buildActionMask = 2147483647;
			files = (
			);
			runOnlyForDeploymentPostprocessing = 0;
		};
/* End PBXSourcesBuildPhase section */

/* Begin PBXTargetDependency section */
		38B79EDA2874776D00607E5C /* PBXTargetDependency */ = {
			isa = PBXTargetDependency;
			target = 38B79EC12874776B00607E5C /* Tabbar */;
			targetProxy = 38B79ED92874776D00607E5C /* PBXContainerItemProxy */;
		};
		38B79EE42874776D00607E5C /* PBXTargetDependency */ = {
			isa = PBXTargetDependency;
			target = 38B79EC12874776B00607E5C /* Tabbar */;
			targetProxy = 38B79EE32874776D00607E5C /* PBXContainerItemProxy */;
		};
/* End PBXTargetDependency section */

/* Begin PBXVariantGroup section */
		38B79ED02874776D00607E5C /* LaunchScreen.storyboard */ = {
			isa = PBXVariantGroup;
			children = (
				38B79ED12874776D00607E5C /* Base */,
			);
			name = LaunchScreen.storyboard;
			sourceTree = "<group>";
		};
/* End PBXVariantGroup section */

/* Begin XCBuildConfiguration section */
		38B79EEA2874776D00607E5C /* Debug */ = {
			isa = XCBuildConfiguration;
			buildSettings = {
				ALWAYS_SEARCH_USER_PATHS = NO;
				CLANG_ANALYZER_NONNULL = YES;
				CLANG_ANALYZER_NUMBER_OBJECT_CONVERSION = YES_AGGRESSIVE;
				CLANG_CXX_LANGUAGE_STANDARD = "gnu++17";
				CLANG_ENABLE_MODULES = YES;
				CLANG_ENABLE_OBJC_ARC = YES;
				CLANG_ENABLE_OBJC_WEAK = YES;
				CLANG_WARN_BLOCK_CAPTURE_AUTORELEASING = YES;
				CLANG_WARN_BOOL_CONVERSION = YES;
				CLANG_WARN_COMMA = YES;
				CLANG_WARN_CONSTANT_CONVERSION = YES;
				CLANG_WARN_DEPRECATED_OBJC_IMPLEMENTATIONS = YES;
				CLANG_WARN_DIRECT_OBJC_ISA_USAGE = YES_ERROR;
				CLANG_WARN_DOCUMENTATION_COMMENTS = YES;
				CLANG_WARN_EMPTY_BODY = YES;
				CLANG_WARN_ENUM_CONVERSION = YES;
				CLANG_WARN_INFINITE_RECURSION = YES;
				CLANG_WARN_INT_CONVERSION = YES;
				CLANG_WARN_NON_LITERAL_NULL_CONVERSION = YES;
				CLANG_WARN_OBJC_IMPLICIT_RETAIN_SELF = YES;
				CLANG_WARN_OBJC_LITERAL_CONVERSION = YES;
				CLANG_WARN_OBJC_ROOT_CLASS = YES_ERROR;
				CLANG_WARN_QUOTED_INCLUDE_IN_FRAMEWORK_HEADER = YES;
				CLANG_WARN_RANGE_LOOP_ANALYSIS = YES;
				CLANG_WARN_STRICT_PROTOTYPES = YES;
				CLANG_WARN_SUSPICIOUS_MOVE = YES;
				CLANG_WARN_UNGUARDED_AVAILABILITY = YES_AGGRESSIVE;
				CLANG_WARN_UNREACHABLE_CODE = YES;
				CLANG_WARN__DUPLICATE_METHOD_MATCH = YES;
				COPY_PHASE_STRIP = NO;
				DEBUG_INFORMATION_FORMAT = dwarf;
				ENABLE_STRICT_OBJC_MSGSEND = YES;
				ENABLE_TESTABILITY = YES;
				GCC_C_LANGUAGE_STANDARD = gnu11;
				GCC_DYNAMIC_NO_PIC = NO;
				GCC_NO_COMMON_BLOCKS = YES;
				GCC_OPTIMIZATION_LEVEL = 0;
				GCC_PREPROCESSOR_DEFINITIONS = (
					"DEBUG=1",
					"$(inherited)",
				);
				GCC_WARN_64_TO_32_BIT_CONVERSION = YES;
				GCC_WARN_ABOUT_RETURN_TYPE = YES_ERROR;
				GCC_WARN_UNDECLARED_SELECTOR = YES;
				GCC_WARN_UNINITIALIZED_AUTOS = YES_AGGRESSIVE;
				GCC_WARN_UNUSED_FUNCTION = YES;
				GCC_WARN_UNUSED_VARIABLE = YES;
				IPHONEOS_DEPLOYMENT_TARGET = 15.5;
				MTL_ENABLE_DEBUG_INFO = INCLUDE_SOURCE;
				MTL_FAST_MATH = YES;
				ONLY_ACTIVE_ARCH = YES;
				SDKROOT = iphoneos;
				SWIFT_ACTIVE_COMPILATION_CONDITIONS = DEBUG;
				SWIFT_OPTIMIZATION_LEVEL = "-Onone";
			};
			name = Debug;
		};
		38B79EEB2874776D00607E5C /* Release */ = {
			isa = XCBuildConfiguration;
			buildSettings = {
				ALWAYS_SEARCH_USER_PATHS = NO;
				CLANG_ANALYZER_NONNULL = YES;
				CLANG_ANALYZER_NUMBER_OBJECT_CONVERSION = YES_AGGRESSIVE;
				CLANG_CXX_LANGUAGE_STANDARD = "gnu++17";
				CLANG_ENABLE_MODULES = YES;
				CLANG_ENABLE_OBJC_ARC = YES;
				CLANG_ENABLE_OBJC_WEAK = YES;
				CLANG_WARN_BLOCK_CAPTURE_AUTORELEASING = YES;
				CLANG_WARN_BOOL_CONVERSION = YES;
				CLANG_WARN_COMMA = YES;
				CLANG_WARN_CONSTANT_CONVERSION = YES;
				CLANG_WARN_DEPRECATED_OBJC_IMPLEMENTATIONS = YES;
				CLANG_WARN_DIRECT_OBJC_ISA_USAGE = YES_ERROR;
				CLANG_WARN_DOCUMENTATION_COMMENTS = YES;
				CLANG_WARN_EMPTY_BODY = YES;
				CLANG_WARN_ENUM_CONVERSION = YES;
				CLANG_WARN_INFINITE_RECURSION = YES;
				CLANG_WARN_INT_CONVERSION = YES;
				CLANG_WARN_NON_LITERAL_NULL_CONVERSION = YES;
				CLANG_WARN_OBJC_IMPLICIT_RETAIN_SELF = YES;
				CLANG_WARN_OBJC_LITERAL_CONVERSION = YES;
				CLANG_WARN_OBJC_ROOT_CLASS = YES_ERROR;
				CLANG_WARN_QUOTED_INCLUDE_IN_FRAMEWORK_HEADER = YES;
				CLANG_WARN_RANGE_LOOP_ANALYSIS = YES;
				CLANG_WARN_STRICT_PROTOTYPES = YES;
				CLANG_WARN_SUSPICIOUS_MOVE = YES;
				CLANG_WARN_UNGUARDED_AVAILABILITY = YES_AGGRESSIVE;
				CLANG_WARN_UNREACHABLE_CODE = YES;
				CLANG_WARN__DUPLICATE_METHOD_MATCH = YES;
				COPY_PHASE_STRIP = NO;
				DEBUG_INFORMATION_FORMAT = "dwarf-with-dsym";
				ENABLE_NS_ASSERTIONS = NO;
				ENABLE_STRICT_OBJC_MSGSEND = YES;
				GCC_C_LANGUAGE_STANDARD = gnu11;
				GCC_NO_COMMON_BLOCKS = YES;
				GCC_WARN_64_TO_32_BIT_CONVERSION = YES;
				GCC_WARN_ABOUT_RETURN_TYPE = YES_ERROR;
				GCC_WARN_UNDECLARED_SELECTOR = YES;
				GCC_WARN_UNINITIALIZED_AUTOS = YES_AGGRESSIVE;
				GCC_WARN_UNUSED_FUNCTION = YES;
				GCC_WARN_UNUSED_VARIABLE = YES;
				IPHONEOS_DEPLOYMENT_TARGET = 15.5;
				MTL_ENABLE_DEBUG_INFO = NO;
				MTL_FAST_MATH = YES;
				SDKROOT = iphoneos;
				SWIFT_COMPILATION_MODE = wholemodule;
				SWIFT_OPTIMIZATION_LEVEL = "-O";
				VALIDATE_PRODUCT = YES;
			};
			name = Release;
		};
		38B79EED2874776D00607E5C /* Debug */ = {
			isa = XCBuildConfiguration;
			buildSettings = {
				ASSETCATALOG_COMPILER_APPICON_NAME = AppIcon;
				ASSETCATALOG_COMPILER_GLOBAL_ACCENT_COLOR_NAME = AccentColor;
				CODE_SIGN_STYLE = Automatic;
				CURRENT_PROJECT_VERSION = 1;
				GENERATE_INFOPLIST_FILE = YES;
				INFOPLIST_FILE = Tabbar/Info.plist;
				INFOPLIST_KEY_UIApplicationSupportsIndirectInputEvents = YES;
				INFOPLIST_KEY_UILaunchStoryboardName = LaunchScreen;
				INFOPLIST_KEY_UISupportedInterfaceOrientations_iPad = "UIInterfaceOrientationPortrait UIInterfaceOrientationPortraitUpsideDown UIInterfaceOrientationLandscapeLeft UIInterfaceOrientationLandscapeRight";
				INFOPLIST_KEY_UISupportedInterfaceOrientations_iPhone = "UIInterfaceOrientationPortrait UIInterfaceOrientationLandscapeLeft UIInterfaceOrientationLandscapeRight";
				IPHONEOS_DEPLOYMENT_TARGET = 15.1;
				LD_RUNPATH_SEARCH_PATHS = (
					"$(inherited)",
					"@executable_path/Frameworks",
				);
				MARKETING_VERSION = 1.0;
				PRODUCT_BUNDLE_IDENTIFIER = com.luongtran.Tabbar;
				PRODUCT_NAME = "$(TARGET_NAME)";
				SWIFT_EMIT_LOC_STRINGS = YES;
				SWIFT_VERSION = 5.0;
				TARGETED_DEVICE_FAMILY = "1,2";
			};
			name = Debug;
		};
		38B79EEE2874776D00607E5C /* Release */ = {
			isa = XCBuildConfiguration;
			buildSettings = {
				ASSETCATALOG_COMPILER_APPICON_NAME = AppIcon;
				ASSETCATALOG_COMPILER_GLOBAL_ACCENT_COLOR_NAME = AccentColor;
				CODE_SIGN_STYLE = Automatic;
				CURRENT_PROJECT_VERSION = 1;
				GENERATE_INFOPLIST_FILE = YES;
				INFOPLIST_FILE = Tabbar/Info.plist;
				INFOPLIST_KEY_UIApplicationSupportsIndirectInputEvents = YES;
				INFOPLIST_KEY_UILaunchStoryboardName = LaunchScreen;
				INFOPLIST_KEY_UISupportedInterfaceOrientations_iPad = "UIInterfaceOrientationPortrait UIInterfaceOrientationPortraitUpsideDown UIInterfaceOrientationLandscapeLeft UIInterfaceOrientationLandscapeRight";
				INFOPLIST_KEY_UISupportedInterfaceOrientations_iPhone = "UIInterfaceOrientationPortrait UIInterfaceOrientationLandscapeLeft UIInterfaceOrientationLandscapeRight";
				IPHONEOS_DEPLOYMENT_TARGET = 15.1;
				LD_RUNPATH_SEARCH_PATHS = (
					"$(inherited)",
					"@executable_path/Frameworks",
				);
				MARKETING_VERSION = 1.0;
				PRODUCT_BUNDLE_IDENTIFIER = com.luongtran.Tabbar;
				PRODUCT_NAME = "$(TARGET_NAME)";
				SWIFT_EMIT_LOC_STRINGS = YES;
				SWIFT_VERSION = 5.0;
				TARGETED_DEVICE_FAMILY = "1,2";
			};
			name = Release;
		};
		38B79EF02874776D00607E5C /* Debug */ = {
			isa = XCBuildConfiguration;
			buildSettings = {
				ALWAYS_EMBED_SWIFT_STANDARD_LIBRARIES = YES;
				BUNDLE_LOADER = "$(TEST_HOST)";
				CODE_SIGN_STYLE = Automatic;
				CURRENT_PROJECT_VERSION = 1;
				GENERATE_INFOPLIST_FILE = YES;
				IPHONEOS_DEPLOYMENT_TARGET = 15.5;
				MARKETING_VERSION = 1.0;
				PRODUCT_BUNDLE_IDENTIFIER = com.luongtran.TabbarTests;
				PRODUCT_NAME = "$(TARGET_NAME)";
				SWIFT_EMIT_LOC_STRINGS = NO;
				SWIFT_VERSION = 5.0;
				TARGETED_DEVICE_FAMILY = "1,2";
				TEST_HOST = "$(BUILT_PRODUCTS_DIR)/Tabbar.app/Tabbar";
			};
			name = Debug;
		};
		38B79EF12874776D00607E5C /* Release */ = {
			isa = XCBuildConfiguration;
			buildSettings = {
				ALWAYS_EMBED_SWIFT_STANDARD_LIBRARIES = YES;
				BUNDLE_LOADER = "$(TEST_HOST)";
				CODE_SIGN_STYLE = Automatic;
				CURRENT_PROJECT_VERSION = 1;
				GENERATE_INFOPLIST_FILE = YES;
				IPHONEOS_DEPLOYMENT_TARGET = 15.5;
				MARKETING_VERSION = 1.0;
				PRODUCT_BUNDLE_IDENTIFIER = com.luongtran.TabbarTests;
				PRODUCT_NAME = "$(TARGET_NAME)";
				SWIFT_EMIT_LOC_STRINGS = NO;
				SWIFT_VERSION = 5.0;
				TARGETED_DEVICE_FAMILY = "1,2";
				TEST_HOST = "$(BUILT_PRODUCTS_DIR)/Tabbar.app/Tabbar";
			};
			name = Release;
		};
		38B79EF32874776D00607E5C /* Debug */ = {
			isa = XCBuildConfiguration;
			buildSettings = {
				ALWAYS_EMBED_SWIFT_STANDARD_LIBRARIES = YES;
				CODE_SIGN_STYLE = Automatic;
				CURRENT_PROJECT_VERSION = 1;
				GENERATE_INFOPLIST_FILE = YES;
				MARKETING_VERSION = 1.0;
				PRODUCT_BUNDLE_IDENTIFIER = com.luongtran.TabbarUITests;
				PRODUCT_NAME = "$(TARGET_NAME)";
				SWIFT_EMIT_LOC_STRINGS = NO;
				SWIFT_VERSION = 5.0;
				TARGETED_DEVICE_FAMILY = "1,2";
				TEST_TARGET_NAME = Tabbar;
			};
			name = Debug;
		};
		38B79EF42874776D00607E5C /* Release */ = {
			isa = XCBuildConfiguration;
			buildSettings = {
				ALWAYS_EMBED_SWIFT_STANDARD_LIBRARIES = YES;
				CODE_SIGN_STYLE = Automatic;
				CURRENT_PROJECT_VERSION = 1;
				GENERATE_INFOPLIST_FILE = YES;
				MARKETING_VERSION = 1.0;
				PRODUCT_BUNDLE_IDENTIFIER = com.luongtran.TabbarUITests;
				PRODUCT_NAME = "$(TARGET_NAME)";
				SWIFT_EMIT_LOC_STRINGS = NO;
				SWIFT_VERSION = 5.0;
				TARGETED_DEVICE_FAMILY = "1,2";
				TEST_TARGET_NAME = Tabbar;
			};
			name = Release;
		};
/* End XCBuildConfiguration section */

/* Begin XCConfigurationList section */
		38B79EBD2874776B00607E5C /* Build configuration list for PBXProject "Tabbar" */ = {
			isa = XCConfigurationList;
			buildConfigurations = (
				38B79EEA2874776D00607E5C /* Debug */,
				38B79EEB2874776D00607E5C /* Release */,
			);
			defaultConfigurationIsVisible = 0;
			defaultConfigurationName = Release;
		};
		38B79EEC2874776D00607E5C /* Build configuration list for PBXNativeTarget "Tabbar" */ = {
			isa = XCConfigurationList;
			buildConfigurations = (
				38B79EED2874776D00607E5C /* Debug */,
				38B79EEE2874776D00607E5C /* Release */,
			);
			defaultConfigurationIsVisible = 0;
			defaultConfigurationName = Release;
		};
		38B79EEF2874776D00607E5C /* Build configuration list for PBXNativeTarget "TabbarTests" */ = {
			isa = XCConfigurationList;
			buildConfigurations = (
				38B79EF02874776D00607E5C /* Debug */,
				38B79EF12874776D00607E5C /* Release */,
			);
			defaultConfigurationIsVisible = 0;
			defaultConfigurationName = Release;
		};
		38B79EF22874776D00607E5C /* Build configuration list for PBXNativeTarget "TabbarUITests" */ = {
			isa = XCConfigurationList;
			buildConfigurations = (
				38B79EF32874776D00607E5C /* Debug */,
				38B79EF42874776D00607E5C /* Release */,
			);
			defaultConfigurationIsVisible = 0;
			defaultConfigurationName = Release;
		};
/* End XCConfigurationList section */
	};
	rootObject = 38B79EBA2874776B00607E5C /* Project object */;
}
